<?xml version="1.0" encoding="utf-8"?>
<Project ToolsVersion="4.0" xmlns="http://schemas.microsoft.com/developer/msbuild/2003">
  <ItemGroup>
    <Filter Include="Form Files">
      <UniqueIdentifier>{99349809-55BA-4b9d-BF79-8FDBB0286EB3}</UniqueIdentifier>
      <Extensions>ui</Extensions>
    </Filter>
    <Filter Include="Resource Files">
      <UniqueIdentifier>{D9D6E242-F8AF-46E4-B9FD-80ECBC20BA3E}</UniqueIdentifier>
      <Extensions>qrc;*</Extensions>
      <ParseFiles>false</ParseFiles>
    </Filter>
    <Filter Include="Generated Files">
      <UniqueIdentifier>{71ED8ED8-ACB9-4CE9-BBE1-E00B30144E11}</UniqueIdentifier>
      <Extensions>moc;h;cpp</Extensions>
      <SourceControlFiles>False</SourceControlFiles>
    </Filter>
    <Filter Include="Generated Files\Debug">
      <UniqueIdentifier>{e6b465e8-30a0-4dca-9913-ccaa182aca68}</UniqueIdentifier>
      <Extensions>cpp;moc</Extensions>
      <SourceControlFiles>False</SourceControlFiles>
    </Filter>
    <Filter Include="Generated Files\Release">
      <UniqueIdentifier>{8d35c5e2-07a3-46d8-a2b2-1a85873d9eeb}</UniqueIdentifier>
      <Extensions>cpp;moc</Extensions>
      <SourceControlFiles>False</SourceControlFiles>
    </Filter>
    <Filter Include="Dialog">
      <UniqueIdentifier>{f579dfc4-7816-4bc5-ac03-d6e98f7bc40c}</UniqueIdentifier>
    </Filter>
    <Filter Include="DB">
      <UniqueIdentifier>{b1fed1cb-51d5-4c49-b3e6-8459eeb23dad}</UniqueIdentifier>
    </Filter>
    <Filter Include="Model">
      <UniqueIdentifier>{0ff98a22-a48f-443d-8926-218911e16952}</UniqueIdentifier>
    </Filter>
    <Filter Include="Event">
      <UniqueIdentifier>{ae80224b-3d76-4e62-856a-6a55f63ecdb9}</UniqueIdentifier>
    </Filter>
    <Filter Include="Value">
      <UniqueIdentifier>{86127813-0eb8-43bd-b36c-2eb4b3efa15d}</UniqueIdentifier>
    </Filter>
    <Filter Include="Main">
      <UniqueIdentifier>{3d2d5384-c629-49b2-8815-1c93339108a8}</UniqueIdentifier>
    </Filter>
    <Filter Include="View">
      <UniqueIdentifier>{e0c40352-9d76-41da-a88d-69e832a80432}</UniqueIdentifier>
    </Filter>
  </ItemGroup>
  <ItemGroup>
    <ClCompile Include="GeneratedFiles\Debug\moc_aside.cpp">
      <Filter>Generated Files\Debug</Filter>
    </ClCompile>
    <ClCompile Include="GeneratedFiles\Release\moc_aside.cpp">
      <Filter>Generated Files\Release</Filter>
    </ClCompile>
    <ClCompile Include="GeneratedFiles\qrc_aside.cpp">
      <Filter>Generated Files</Filter>
    </ClCompile>
    <ClCompile Include="GeneratedFiles\Debug\moc_CollectDialog.cpp">
      <Filter>Generated Files\Debug</Filter>
    </ClCompile>
    <ClCompile Include="GeneratedFiles\Release\moc_CollectDialog.cpp">
      <Filter>Generated Files\Release</Filter>
    </ClCompile>
    <ClCompile Include="GeneratedFiles\Debug\moc_CollectInfoDialog.cpp">
      <Filter>Generated Files\Debug</Filter>
    </ClCompile>
    <ClCompile Include="GeneratedFiles\Release\moc_CollectInfoDialog.cpp">
      <Filter>Generated Files\Release</Filter>
    </ClCompile>
    <ClCompile Include="GeneratedFiles\Debug\moc_treemodel.cpp">
      <Filter>Generated Files\Debug</Filter>
    </ClCompile>
    <ClCompile Include="GeneratedFiles\Release\moc_treemodel.cpp">
      <Filter>Generated Files\Release</Filter>
    </ClCompile>
    <ClCompile Include="GeneratedFiles\Debug\moc_ProjectAddDialog.cpp">
      <Filter>Generated Files\Debug</Filter>
    </ClCompile>
    <ClCompile Include="GeneratedFiles\Release\moc_ProjectAddDialog.cpp">
      <Filter>Generated Files\Release</Filter>
    </ClCompile>
    <ClCompile Include="GeneratedFiles\Debug\moc_SelectNextActionDialog.cpp">
      <Filter>Generated Files\Debug</Filter>
    </ClCompile>
    <ClCompile Include="GeneratedFiles\Release\moc_SelectNextActionDialog.cpp">
      <Filter>Generated Files\Release</Filter>
    </ClCompile>
    <ClCompile Include="DB\DBManager.cpp">
      <Filter>DB</Filter>
    </ClCompile>
    <ClCompile Include="aside.cpp">
      <Filter>Dialog</Filter>
    </ClCompile>
    <ClCompile Include="CollectDialog.cpp">
      <Filter>Dialog</Filter>
    </ClCompile>
    <ClCompile Include="CollectInfoDialog.cpp">
      <Filter>Dialog</Filter>
    </ClCompile>
    <ClCompile Include="ProjectAddDialog.cpp">
      <Filter>Dialog</Filter>
    </ClCompile>
    <ClCompile Include="ProjectEditDialog.cpp">
      <Filter>Dialog</Filter>
    </ClCompile>
    <ClCompile Include="SelectNextActionDialog.cpp">
      <Filter>Dialog</Filter>
    </ClCompile>
    <ClCompile Include="treemodel.cpp">
      <Filter>Model</Filter>
    </ClCompile>
    <ClCompile Include="treeitem.cpp">
      <Filter>Model</Filter>
    </ClCompile>
    <ClCompile Include="WindowsEventFilter.cpp">
      <Filter>Event</Filter>
    </ClCompile>
    <ClCompile Include="ValueContainer.cpp">
      <Filter>Value</Filter>
    </ClCompile>
    <ClCompile Include="WindowsManager.cpp">
      <Filter>Dialog</Filter>
    </ClCompile>
    <ClCompile Include="main.cpp">
      <Filter>Main</Filter>
    </ClCompile>
    <ClCompile Include="GeneratedFiles\Debug\moc_CheckBoxModel.cpp">
      <Filter>Generated Files\Debug</Filter>
    </ClCompile>
    <ClCompile Include="GeneratedFiles\Release\moc_CheckBoxModel.cpp">
      <Filter>Generated Files\Debug</Filter>
    </ClCompile>
    <ClCompile Include="ReviewAddDialog.cpp">
      <Filter>Dialog</Filter>
    </ClCompile>
    <ClCompile Include="CheckBoxModel.cpp">
      <Filter>Model</Filter>
    </ClCompile>
    <ClCompile Include="GeneratedFiles\Debug\moc_ReviewAddDialog.cpp">
      <Filter>Generated Files\Debug</Filter>
    </ClCompile>
    <ClCompile Include="GeneratedFiles\Release\moc_ReviewAddDialog.cpp">
      <Filter>Generated Files\Release</Filter>
    </ClCompile>
    <ClCompile Include="QDropListView.cpp">
      <Filter>View</Filter>
    </ClCompile>
    <ClCompile Include="DragStandItemModel.cpp">
      <Filter>Model</Filter>
    </ClCompile>
    <ClCompile Include="GeneratedFiles\Debug\moc_DragStandItemModel.cpp">
      <Filter>Generated Files\Debug</Filter>
    </ClCompile>
    <ClCompile Include="GeneratedFiles\Release\moc_DragStandItemModel.cpp">
      <Filter>Generated Files\Release</Filter>
    </ClCompile>
    <ClCompile Include="DB\AsideAction.cpp">
      <Filter>DB</Filter>
    </ClCompile>
    <ClCompile Include="TomatoTimeDialog.cpp">
      <Filter>Dialog</Filter>
    </ClCompile>
    <ClCompile Include="GeneratedFiles\Debug\moc_TomatoTimeDialog.cpp">
      <Filter>Generated Files\Debug</Filter>
    </ClCompile>
    <ClCompile Include="GeneratedFiles\Release\moc_TomatoTimeDialog.cpp">
      <Filter>Generated Files\Release</Filter>
    </ClCompile>
  </ItemGroup>
  <ItemGroup>
    <CustomBuild Include="aside.ui">
      <Filter>Form Files</Filter>
    </CustomBuild>
    <CustomBuild Include="aside.qrc">
      <Filter>Resource Files</Filter>
    </CustomBuild>
    <CustomBuild Include="collect.ui">
      <Filter>Form Files</Filter>
    </CustomBuild>
    <CustomBuild Include="collectionInfo.ui">
      <Filter>Form Files</Filter>
    </CustomBuild>
    <CustomBuild Include="projectAdd.ui">
      <Filter>Form Files</Filter>
    </CustomBuild>
    <CustomBuild Include="tomato.ui">
      <Filter>Form Files</Filter>
    </CustomBuild>
    <CustomBuild Include="selectNextAction.ui">
      <Filter>Form Files</Filter>
    </CustomBuild>
    <CustomBuild Include="aside.h">
      <Filter>Dialog</Filter>
    </CustomBuild>
    <CustomBuild Include="CollectDialog.h">
      <Filter>Dialog</Filter>
    </CustomBuild>
    <CustomBuild Include="CollectInfoDialog.h">
      <Filter>Dialog</Filter>
    </CustomBuild>
    <CustomBuild Include="ProjectAddDialog.h">
      <Filter>Dialog</Filter>
    </CustomBuild>
    <CustomBuild Include="SelectNextActionDialog.h">
      <Filter>Dialog</Filter>
    </CustomBuild>
    <CustomBuild Include="treemodel.h">
      <Filter>Model</Filter>
    </CustomBuild>
    <CustomBuild Include="CheckBoxModel.h">
      <Filter>Model</Filter>
    </CustomBuild>
    <CustomBuild Include="ReviewAddDialog.h">
      <Filter>Dialog</Filter>
    </CustomBuild>
    <CustomBuild Include="reviewAdd.ui">
      <Filter>Form Files</Filter>
    </CustomBuild>
    <CustomBuild Include="DragStandItemModel.h">
      <Filter>Model</Filter>
    </CustomBuild>
    <CustomBuild Include="TomatoTimeDialog.h">
      <Filter>Dialog</Filter>
    </CustomBuild>
  </ItemGroup>
  <ItemGroup>
    <ClInclude Include="GeneratedFiles\ui_aside.h">
      <Filter>Generated Files</Filter>
    </ClInclude>
    <ClInclude Include="DB\DBManager.h">
      <Filter>DB</Filter>
    </ClInclude>
    <ClInclude Include="GeneratedFiles\ui_collect.h">
      <Filter>Generated Files</Filter>
    </ClInclude>
    <ClInclude Include="GeneratedFiles\ui_collectionInfo.h">
      <Filter>Generated Files</Filter>
    </ClInclude>
    <ClInclude Include="GeneratedFiles\ui_projectAdd.h">
      <Filter>Generated Files</Filter>
    </ClInclude>
    <ClInclude Include="GeneratedFiles\ui_tomato.h">
      <Filter>Generated Files</Filter>
    </ClInclude>
    <ClInclude Include="GeneratedFiles\ui_selectNextAction.h">
      <Filter>Generated Files</Filter>
    </ClInclude>
    <ClInclude Include="ProjectEditDialog.h">
      <Filter>Dialog</Filter>
    </ClInclude>
    <ClInclude Include="treeitem.h">
      <Filter>Model</Filter>
    </ClInclude>
    <ClInclude Include="WindowsEventFilter.h">
      <Filter>Event</Filter>
    </ClInclude>
    <ClInclude Include="ValueContainer.h">
      <Filter>Value</Filter>
    </ClInclude>
    <ClInclude Include="WindowsManager.h">
      <Filter>Dialog</Filter>
    </ClInclude>
    <ClInclude Include="resource.h">
      <Filter>Main</Filter>
    </ClInclude>
    <ClInclude Include="GeneratedFiles\ui_reviewAdd.h">
      <Filter>Generated Files</Filter>
    </ClInclude>
    <ClInclude Include="QDropListView.h">
      <Filter>View</Filter>
    </ClInclude>
    <ClInclude Include="DB\AsideAction.h">
      <Filter>DB</Filter>
    </ClInclude>
  </ItemGroup>
  <ItemGroup>
    <ResourceCompile Include="Aside.rc" />
  </ItemGroup>
  <ItemGroup>
    <Image Include="icon1.ico" />
  </ItemGroup>
</Project>